
Microsoft Visual Studio Solution File, Format Version 12.00
# Visual Studio Version 17
VisualStudioVersion = 17.6.33829.357
MinimumVisualStudioVersion = 10.0.40219.1
Project("{9A19103F-16F7-4668-BE54-9A1E7A4F7556}") = "dotnet", "dotnet.csproj", "{B0928ED2-AB79-475D-9386-979F02B15142}"
EndProject
Global
	GlobalSection(SolutionConfigurationPlatforms) = preSolution
		Debug|Any CPU = Debug|Any CPU
		Release|Any CPU = Release|Any CPU
	EndGlobalSection
	GlobalSection(ProjectConfigurationPlatforms) = postSolution
		{B0928ED2-AB79-475D-9386-979F02B15142}.Debug|Any CPU.ActiveCfg = Debug|Any CPU
		{B0928ED2-AB79-475D-9386-979F02B15142}.Debug|Any CPU.Build.0 = Debug|Any CPU
		{B0928ED2-AB79-475D-9386-979F02B15142}.Release|Any CPU.ActiveCfg = Release|Any CPU
		{B0928ED2-AB79-475D-9386-979F02B15142}.Release|Any CPU.Build.0 = Release|Any CPU
	EndGlobalSection
	GlobalSection(SolutionProperties) = preSolution
		HideSolutionNode = FALSE
	EndGlobalSection
	GlobalSection(ExtensibilityGlobals) = postSolution
		SolutionGuid = {246400B4-5781-4CB4-B078-33EE7BFEB63C}
	EndGlobalSection
EndGlobal
